github.com/speedata/goxml v1.0.5 h1:6SrW52+7RhqURxVh2PTtiTVky394HFn8sBIHSB3weuE=
github.com/speedata/goxml v1.0.5/go.mod h1:G++cv0h2rC8ltAhvQmANDgwMbKRd3MetXlF8PLob6dw=
golang.org/x/net v0.48.0 h1:zyQRTTrjc33Lhh0fBgT/H3oZq9WuvRR5gPC70xpDiQU=
golang.org/x/net v0.48.0/go.mod h1:+ndRgGjkh8FGtu1w1FGbEC31if4VrNVMuKTgcAAnQRY=
